{
    "_readme": [
        "This file locks the dependencies of your project to a known state",
        "Read more about it at https://getcomposer.org/doc/01-basic-usage.md#installing-dependencies",
        "This file is @generated automatically"
    ],
    "content-hash": "7f47689a989a27ce63e138e1759d8dbc",
    "packages": [
        {
            "name": "imsop/simplexml_debug",
            "version": "v1.0.0",
            "source": {
                "type": "git",
                "url": "https://github.com/IMSoP/simplexml_debug.git",
                "reference": "627c7d5685f45bcfd83a45099053cbfface0779c"
            },
            "dist": {
                "type": "zip",
                "url": "https://api.github.com/repos/IMSoP/simplexml_debug/zipball/627c7d5685f45bcfd83a45099053cbfface0779c",
                "reference": "627c7d5685f45bcfd83a45099053cbfface0779c",
                "shasum": ""
            },
            "require": {
                "php": ">5.3"
            },
            "require-dev": {
                "phpunit/phpunit": "^4.8"
            },
            "type": "library",
            "autoload": {
                "files": [
                    "src/simplexml_dump.php",
                    "src/simplexml_tree.php"
                ]
            },
            "notification-url": "https://packagist.org/downloads/",
            "license": [
                "MIT"
            ],
            "authors": [
                {
                    "name": "Rowan Collins",
                    "homepage": "http://rwec.co.uk",
                    "role": "Lead"
                },
                {
                    "name": "Josh Sherman",
                    "email": "josh@gravityblvd.com",
                    "homepage": "http://joshtronic.com",
                    "role": "Contributor"
                }
            ],
            "description": "Tools for debugging your code when working with PHP's SimpleXML functions.",
            "support": {
                "issues": "https://github.com/IMSoP/simplexml_debug/issues",
                "source": "https://github.com/IMSoP/simplexml_debug/tree/master"
            },
            "time": "2017-11-09T23:10:38+00:00"
        }
    ],
    "packages-dev": [],
    "aliases": [],
    "minimum-stability": "stable",
    "stability-flags": [],
    "prefer-stable": false,
    "prefer-lowest": false,
    "platform": [],
    "platform-dev": [],
    "plugin-api-version": "2.3.0"
}
